
Microsoft Visual Studio Solution File, Format Version 12.00
# Visual Studio Version 16
VisualStudioVersion = 16.0.31424.327
MinimumVisualStudioVersion = 10.0.40219.1
Project("{FAE04EC0-301F-11D3-BF4B-00C04F79EFBC}") = "hello-aspnetcore", "hello-aspnetcore.csproj", "{98F91F15-FFE2-4DCC-8086-25B502328EF7}"
EndProject
Global
	GlobalSection(SolutionConfigurationPlatforms) = preSolution
		Debug|Any CPU = Debug|Any CPU
		Release|Any CPU = Release|Any CPU
	EndGlobalSection
	GlobalSection(ProjectConfigurationPlatforms) = postSolution
		{98F91F15-FFE2-4DCC-8086-25B502328EF7}.Debug|Any CPU.ActiveCfg = Debug|Any CPU
		{98F91F15-FFE2-4DCC-8086-25B502328EF7}.Debug|Any CPU.Build.0 = Debug|Any CPU
		{98F91F15-FFE2-4DCC-8086-25B502328EF7}.Release|Any CPU.ActiveCfg = Release|Any CPU
		{98F91F15-FFE2-4DCC-8086-25B502328EF7}.Release|Any CPU.Build.0 = Release|Any CPU
	EndGlobalSection
	GlobalSection(SolutionProperties) = preSolution
		HideSolutionNode = FALSE
	EndGlobalSection
	GlobalSection(ExtensibilityGlobals) = postSolution
		SolutionGuid = {BB519F8F-BD60-45E0-923E-636DC279B680}
	EndGlobalSection
EndGlobal
